// !$*UTF8*$!
{
	archiveVersion = 1;
	classes = {
	};
	objectVersion = 46;
	objects = {

/* Begin PBXBuildFile section */
		C33DD0301E3F3E260003B17F /* AppDelegate.swift in Sources */ = {isa = PBXBuildFile; fileRef = C33DD02F1E3F3E260003B17F /* AppDelegate.swift */; };
		C33DD0321E3F3E260003B17F /* ViewController.swift in Sources */ = {isa = PBXBuildFile; fileRef = C33DD0311E3F3E260003B17F /* ViewController.swift */; };
		C33DD0351E3F3E260003B17F /* Main.storyboard in Resources */ = {isa = PBXBuildFile; fileRef = C33DD0331E3F3E260003B17F /* Main.storyboard */; };
		C33DD0371E3F3E260003B17F /* Assets.xcassets in Resources */ = {isa = PBXBuildFile; fileRef = C33DD0361E3F3E260003B17F /* Assets.xcassets */; };
		C33DD03A1E3F3E260003B17F /* LaunchScreen.storyboard in Resources */ = {isa = PBXBuildFile; fileRef = C33DD0381E3F3E260003B17F /* LaunchScreen.storyboard */; };
/* End PBXBuildFile section */

/* Begin PBXFileReference section */
		C33DD02C1E3F3E260003B17F /* 3D Touch.app */ = {isa = PBXFileReference; explicitFileType = wrapper.application; includeInIndex = 0; path = "3D Touch.app"; sourceTree = BUILT_PRODUCTS_DIR; };
		C33DD02F1E3F3E260003B17F /* AppDelegate.swift */ = {isa = PBXFileReference; lastKnownFileType = sourcecode.swift; path = AppDelegate.swift; sourceTree = "<group>"; };
		C33DD0311E3F3E260003B17F /* ViewController.swift */ = {isa = PBXFileReference; lastKnownFileType = sourcecode.swift; path = ViewController.swift; sourceTree = "<group>"; };
		C33DD0341E3F3E260003B17F /* Base */ = {isa = PBXFileReference; lastKnownFileType = file.storyboard; name = Base; path = Base.lproj/Main.storyboard; sourceTree = "<group>"; };
		C33DD0361E3F3E260003B17F /* Assets.xcassets */ = {isa = PBXFileReference; lastKnownFileType = folder.assetcatalog; path = Assets.xcassets; sourceTree = "<group>"; };
		C33DD0391E3F3E260003B17F /* Base */ = {isa = PBXFileReference; lastKnownFileType = file.storyboard; name = Base; path = Base.lproj/LaunchScreen.storyboard; sourceTree = "<group>"; };
		C33DD03B1E3F3E260003B17F /* Info.plist */ = {isa = PBXFileReference; lastKnownFileType = text.plist.xml; path = Info.plist; sourceTree = "<group>"; };
/* End PBXFileReference section */

/* Begin PBXFrameworksBuildPhase section */
		C33DD0291E3F3E260003B17F /* Frameworks */ = {
			isa = PBXFrameworksBuildPhase;
			buildActionMask = 2147483647;
			files = (
			);
			runOnlyForDeploymentPostprocessing = 0;
		};
/* End PBXFrameworksBuildPhase section */

/* Begin PBXGroup section */
		C33DD0231E3F3E260003B17F = {
			isa = PBXGroup;
			children = (
				C33DD02E1E3F3E260003B17F /* 3D Touch */,
				C33DD02D1E3F3E260003B17F /* Products */,
			);
			sourceTree = "<group>";
		};
		C33DD02D1E3F3E260003B17F /* Products */ = {
			isa = PBXGroup;
			children = (
				C33DD02C1E3F3E260003B17F /* 3D Touch.app */,
			);
			name = Products;
			sourceTree = "<group>";
		};
		C33DD02E1E3F3E260003B17F /* 3D Touch */ = {
			isa = PBXGroup;
			children = (
				C33DD02F1E3F3E260003B17F /* AppDelegate.swift */,
				C33DD0311E3F3E260003B17F /* ViewController.swift */,
				C33DD0331E3F3E260003B17F /* Main.storyboard */,
				C33DD0361E3F3E260003B17F /* Assets.xcassets */,
				C33DD0381E3F3E260003B17F /* LaunchScreen.storyboard */,
				C33DD03B1E3F3E260003B17F /* Info.plist */,
			);
			path = "3D Touch";
			sourceTree = "<group>";
		};
/* End PBXGroup section */

/* Begin PBXNativeTarget section */
		C33DD02B1E3F3E260003B17F /* 3D Touch */ = {
			isa = PBXNativeTarget;
			buildConfigurationList = C33DD03E1E3F3E260003B17F /* Build configuration list for PBXNativeTarget "3D Touch" */;
			buildPhases = (
				C33DD0281E3F3E260003B17F /* Sources */,
				C33DD0291E3F3E260003B17F /* Frameworks */,
				C33DD02A1E3F3E260003B17F /* Resources */,
			);
			buildRules = (
			);
			dependencies = (
			);
			name = "3D Touch";
			productName = "3D Touch";
			productReference = C33DD02C1E3F3E260003B17F /* 3D Touch.app */;
			productType = "com.apple.product-type.application";
		};
/* End PBXNativeTarget section */

/* Begin PBXProject section */
		C33DD0241E3F3E260003B17F /* Project object */ = {
			isa = PBXProject;
			attributes = {
				LastSwiftUpdateCheck = 0820;
				LastUpgradeCheck = 0820;
				ORGANIZATIONNAME = "Bernhard Goetzendorfer";
				TargetAttributes = {
					C33DD02B1E3F3E260003B17F = {
						CreatedOnToolsVersion = 8.2.1;
						DevelopmentTeam = 66XULV6KX4;
						ProvisioningStyle = Automatic;
					};
				};
			};
			buildConfigurationList = C33DD0271E3F3E260003B17F /* Build configuration list for PBXProject "3D Touch" */;
			compatibilityVersion = "Xcode 3.2";
			developmentRegion = English;
			hasScannedForEncodings = 0;
			knownRegions = (
				en,
				Base,
			);
			mainGroup = C33DD0231E3F3E260003B17F;
			productRefGroup = C33DD02D1E3F3E260003B17F /* Products */;
			projectDirPath = "";
			projectRoot = "";
			targets = (
				C33DD02B1E3F3E260003B17F /* 3D Touch */,
			);
		};
/* End PBXProject section */

/* Begin PBXResourcesBuildPhase section */
		C33DD02A1E3F3E260003B17F /* Resources */ = {
			isa = PBXResourcesBuildPhase;
			buildActionMask = 2147483647;
			files = (
				C33DD03A1E3F3E260003B17F /* LaunchScreen.storyboard in Resources */,
				C33DD0371E3F3E260003B17F /* Assets.xcassets in Resources */,
				C33DD0351E3F3E260003B17F /* Main.storyboard in Resources */,
			);
			runOnlyForDeploymentPostprocessing = 0;
		};
/* End PBXResourcesBuildPhase section */

/* Begin PBXSourcesBuildPhase section */
		C33DD0281E3F3E260003B17F /* Sources */ = {
			isa = PBXSourcesBuildPhase;
			buildActionMask = 2147483647;
			files = (
				C33DD0321E3F3E260003B17F /* ViewController.swift in Sources */,
				C33DD0301E3F3E260003B17F /* AppDelegate.swift in Sources */,
			);
			runOnlyForDeploymentPostprocessing = 0;
		};
/* End PBXSourcesBuildPhase section */

/* Begin PBXVariantGroup section */
		C33DD0331E3F3E260003B17F /* Main.storyboard */ = {
			isa = PBXVariantGroup;
			children = (
				C33DD0341E3F3E260003B17F /* Base */,
			);
			name = Main.storyboard;
			sourceTree = "<group>";
		};
		C33DD0381E3F3E260003B17F /* LaunchScreen.storyboard */ = {
			isa = PBXVariantGroup;
			children = (
				C33DD0391E3F3E260003B17F /* Base */,
			);
			name = LaunchScreen.storyboard;
			sourceTree = "<group>";
		};
/* End PBXVariantGroup section */

/* Begin XCBuildConfiguration section */
		C33DD03C1E3F3E260003B17F /* Debug */ = {
			isa = XCBuildConfiguration;
			buildSettings = {
				ALWAYS_SEARCH_USER_PATHS = NO;
				CLANG_ANALYZER_NONNULL = YES;
				CLANG_CXX_LANGUAGE_STANDARD = "gnu++0x";
				CLANG_CXX_LIBRARY = "libc++";
				CLANG_ENABLE_MODULES = YES;
				CLANG_ENABLE_OBJC_ARC = YES;
				CLANG_WARN_BOOL_CONVERSION = YES;
				CLANG_WARN_CONSTANT_CONVERSION = YES;
				CLANG_WARN_DIRECT_OBJC_ISA_USAGE = YES_ERROR;
				CLANG_WARN_DOCUMENTATION_COMMENTS = YES;
				CLANG_WARN_EMPTY_BODY = YES;
				CLANG_WARN_ENUM_CONVERSION = YES;
				CLANG_WARN_INFINITE_RECURSION = YES;
				CLANG_WARN_INT_CONVERSION = YES;
				CLANG_WARN_OBJC_ROOT_CLASS = YES_ERROR;
				CLANG_WARN_SUSPICIOUS_MOVE = YES;
				CLANG_WARN_UNREACHABLE_CODE = YES;
				CLANG_WARN__DUPLICATE_METHOD_MATCH = YES;
				"CODE_SIGN_IDENTITY[sdk=iphoneos*]" = "iPhone Developer";
				COPY_PHASE_STRIP = NO;
				DEBUG_INFORMATION_FORMAT = dwarf;
				ENABLE_STRICT_OBJC_MSGSEND = YES;
				ENABLE_TESTABILITY = YES;
				GCC_C_LANGUAGE_STANDARD = gnu99;
				GCC_DYNAMIC_NO_PIC = NO;
				GCC_NO_COMMON_BLOCKS = YES;
				GCC_OPTIMIZATION_LEVEL = 0;
				GCC_PREPROCESSOR_DEFINITIONS = (
					"DEBUG=1",
					"$(inherited)",
				);
				GCC_WARN_64_TO_32_BIT_CONVERSION = YES;
				GCC_WARN_ABOUT_RETURN_TYPE = YES_ERROR;
				GCC_WARN_UNDECLARED_SELECTOR = YES;
				GCC_WARN_UNINITIALIZED_AUTOS = YES_AGGRESSIVE;
				GCC_WARN_UNUSED_FUNCTION = YES;
				GCC_WARN_UNUSED_VARIABLE = YES;
				IPHONEOS_DEPLOYMENT_TARGET = 10.2;
				MTL_ENABLE_DEBUG_INFO = YES;
				ONLY_ACTIVE_ARCH = YES;
				SDKROOT = iphoneos;
				SWIFT_ACTIVE_COMPILATION_CONDITIONS = DEBUG;
				SWIFT_OPTIMIZATION_LEVEL = "-Onone";
			};
			name = Debug;
		};
		C33DD03D1E3F3E260003B17F /* Release */ = {
			isa = XCBuildConfiguration;
			buildSettings = {
				ALWAYS_SEARCH_USER_PATHS = NO;
				CLANG_ANALYZER_NONNULL = YES;
				CLANG_CXX_LANGUAGE_STANDARD = "gnu++0x";
				CLANG_CXX_LIBRARY = "libc++";
				CLANG_ENABLE_MODULES = YES;
				CLANG_ENABLE_OBJC_ARC = YES;
				CLANG_WARN_BOOL_CONVERSION = YES;
				CLANG_WARN_CONSTANT_CONVERSION = YES;
				CLANG_WARN_DIRECT_OBJC_ISA_USAGE = YES_ERROR;
				CLANG_WARN_DOCUMENTATION_COMMENTS = YES;
				CLANG_WARN_EMPTY_BODY = YES;
				CLANG_WARN_ENUM_CONVERSION = YES;
				CLANG_WARN_INFINITE_RECURSION = YES;
				CLANG_WARN_INT_CONVERSION = YES;
				CLANG_WARN_OBJC_ROOT_CLASS = YES_ERROR;
				CLANG_WARN_SUSPICIOUS_MOVE = YES;
				CLANG_WARN_UNREACHABLE_CODE = YES;
				CLANG_WARN__DUPLICATE_METHOD_MATCH = YES;
				"CODE_SIGN_IDENTITY[sdk=iphoneos*]" = "iPhone Developer";
				COPY_PHASE_STRIP = NO;
				DEBUG_INFORMATION_FORMAT = "dwarf-with-dsym";
				ENABLE_NS_ASSERTIONS = NO;
				ENABLE_STRICT_OBJC_MSGSEND = YES;
				GCC_C_LANGUAGE_STANDARD = gnu99;
				GCC_NO_COMMON_BLOCKS = YES;
				GCC_WARN_64_TO_32_BIT_CONVERSION = YES;
				GCC_WARN_ABOUT_RETURN_TYPE = YES_ERROR;
				GCC_WARN_UNDECLARED_SELECTOR = YES;
				GCC_WARN_UNINITIALIZED_AUTOS = YES_AGGRESSIVE;
				GCC_WARN_UNUSED_FUNCTION = YES;
				GCC_WARN_UNUSED_VARIABLE = YES;
				IPHONEOS_DEPLOYMENT_TARGET = 10.2;
				MTL_ENABLE_DEBUG_INFO = NO;
				SDKROOT = iphoneos;
				SWIFT_OPTIMIZATION_LEVEL = "-Owholemodule";
				VALIDATE_PRODUCT = YES;
			};
			name = Release;
		};
		C33DD03F1E3F3E260003B17F /* Debug */ = {
			isa = XCBuildConfiguration;
			buildSettings = {
				ASSETCATALOG_COMPILER_APPICON_NAME = AppIcon;
				DEVELOPMENT_TEAM = 66XULV6KX4;
				INFOPLIST_FILE = "3D Touch/Info.plist";
				LD_RUNPATH_SEARCH_PATHS = "$(inherited) @executable_path/Frameworks";
				PRODUCT_BUNDLE_IDENTIFIER = "bernhardgoetzendorfer.-D-Touch";
				PRODUCT_NAME = "$(TARGET_NAME)";
				SWIFT_VERSION = 3.0;
			};
			name = Debug;
		};
		C33DD0401E3F3E260003B17F /* Release */ = {
			isa = XCBuildConfiguration;
			buildSettings = {
				ASSETCATALOG_COMPILER_APPICON_NAME = AppIcon;
				DEVELOPMENT_TEAM = 66XULV6KX4;
				INFOPLIST_FILE = "3D Touch/Info.plist";
				LD_RUNPATH_SEARCH_PATHS = "$(inherited) @executable_path/Frameworks";
				PRODUCT_BUNDLE_IDENTIFIER = "bernhardgoetzendorfer.-D-Touch";
				PRODUCT_NAME = "$(TARGET_NAME)";
				SWIFT_VERSION = 3.0;
			};
			name = Release;
		};
/* End XCBuildConfiguration section */

/* Begin XCConfigurationList section */
		C33DD0271E3F3E260003B17F /* Build configuration list for PBXProject "3D Touch" */ = {
			isa = XCConfigurationList;
			buildConfigurations = (
				C33DD03C1E3F3E260003B17F /* Debug */,
				C33DD03D1E3F3E260003B17F /* Release */,
			);
			defaultConfigurationIsVisible = 0;
			defaultConfigurationName = Release;
		};
		C33DD03E1E3F3E260003B17F /* Build configuration list for PBXNativeTarget "3D Touch" */ = {
			isa = XCConfigurationList;
			buildConfigurations = (
				C33DD03F1E3F3E260003B17F /* Debug */,
				C33DD0401E3F3E260003B17F /* Release */,
			);
			defaultConfigurationIsVisible = 0;
		};
/* End XCConfigurationList section */
	};
	rootObject = C33DD0241E3F3E260003B17F /* Project object */;
}
